
Microsoft Visual Studio Solution File, Format Version 12.00
# Visual Studio 14
VisualStudioVersion = 14.0.25123.0
MinimumVisualStudioVersion = 10.0.40219.1
Project("{FAE04EC0-301F-11D3-BF4B-00C04F79EFBC}") = "Eternity.Tests", "Tests\Eternity.Tests.csproj", "{1016F300-7DED-4357-9ABC-EF0B76FC905F}"
EndProject
Project("{FAE04EC0-301F-11D3-BF4B-00C04F79EFBC}") = "Eternity.Core", "Core\Eternity.Core.csproj", "{BE37727D-B57E-4E8B-A3C7-FFD92B08275A}"
EndProject
Project("{FAE04EC0-301F-11D3-BF4B-00C04F79EFBC}") = "Eternity.Server", "Server\Eternity.Server.csproj", "{1881D97E-594F-4915-BEB1-CC6ABA9F14C7}"
EndProject
Global
	GlobalSection(SolutionConfigurationPlatforms) = preSolution
		Debug|Any CPU = Debug|Any CPU
		Release|Any CPU = Release|Any CPU
	EndGlobalSection
	GlobalSection(ProjectConfigurationPlatforms) = postSolution
		{1016F300-7DED-4357-9ABC-EF0B76FC905F}.Debug|Any CPU.ActiveCfg = Debug|Any CPU
		{1016F300-7DED-4357-9ABC-EF0B76FC905F}.Debug|Any CPU.Build.0 = Debug|Any CPU
		{1016F300-7DED-4357-9ABC-EF0B76FC905F}.Release|Any CPU.ActiveCfg = Release|Any CPU
		{1016F300-7DED-4357-9ABC-EF0B76FC905F}.Release|Any CPU.Build.0 = Release|Any CPU
		{BE37727D-B57E-4E8B-A3C7-FFD92B08275A}.Debug|Any CPU.ActiveCfg = Debug|Any CPU
		{BE37727D-B57E-4E8B-A3C7-FFD92B08275A}.Debug|Any CPU.Build.0 = Debug|Any CPU
		{BE37727D-B57E-4E8B-A3C7-FFD92B08275A}.Release|Any CPU.ActiveCfg = Release|Any CPU
		{BE37727D-B57E-4E8B-A3C7-FFD92B08275A}.Release|Any CPU.Build.0 = Release|Any CPU
		{1881D97E-594F-4915-BEB1-CC6ABA9F14C7}.Debug|Any CPU.ActiveCfg = Debug|Any CPU
		{1881D97E-594F-4915-BEB1-CC6ABA9F14C7}.Debug|Any CPU.Build.0 = Debug|Any CPU
		{1881D97E-594F-4915-BEB1-CC6ABA9F14C7}.Release|Any CPU.ActiveCfg = Release|Any CPU
		{1881D97E-594F-4915-BEB1-CC6ABA9F14C7}.Release|Any CPU.Build.0 = Release|Any CPU
	EndGlobalSection
	GlobalSection(SolutionProperties) = preSolution
		HideSolutionNode = FALSE
	EndGlobalSection
	GlobalSection(NestedProjects) = preSolution
	EndGlobalSection
EndGlobal
